
Microsoft Visual Studio Solution File, Format Version 12.00
# Visual Studio Version 16
VisualStudioVersion = 16.0.30002.166
MinimumVisualStudioVersion = 10.0.40219.1
Project("{FAE04EC0-301F-11D3-BF4B-00C04F79EFBC}") = "maquina dispensadora de bebidas 1", "maquina dispensadora de bebidas 1.csproj", "{9B3D1E8E-F603-4B5E-B7A0-0AC619E01431}"
EndProject
Global
	GlobalSection(SolutionConfigurationPlatforms) = preSolution
		Debug|Any CPU = Debug|Any CPU
		Release|Any CPU = Release|Any CPU
	EndGlobalSection
	GlobalSection(ProjectConfigurationPlatforms) = postSolution
		{9B3D1E8E-F603-4B5E-B7A0-0AC619E01431}.Debug|Any CPU.ActiveCfg = Debug|Any CPU
		{9B3D1E8E-F603-4B5E-B7A0-0AC619E01431}.Debug|Any CPU.Build.0 = Debug|Any CPU
		{9B3D1E8E-F603-4B5E-B7A0-0AC619E01431}.Release|Any CPU.ActiveCfg = Release|Any CPU
		{9B3D1E8E-F603-4B5E-B7A0-0AC619E01431}.Release|Any CPU.Build.0 = Release|Any CPU
	EndGlobalSection
	GlobalSection(SolutionProperties) = preSolution
		HideSolutionNode = FALSE
	EndGlobalSection
	GlobalSection(ExtensibilityGlobals) = postSolution
		SolutionGuid = {3C095FBE-B8C7-4024-8BC8-74CF959E3425}
	EndGlobalSection
EndGlobal
